
Microsoft Visual Studio Solution File, Format Version 12.00
# Visual Studio Version 17
VisualStudioVersion = 17.8.34316.72
MinimumVisualStudioVersion = 10.0.40219.1
Project("{2150E333-8FDC-42A3-9474-1A3956D46DE8}") = "APIGateway", "APIGateway", "{4CDD7B9D-1FFB-4FF7-A894-A0BB92CF88CF}"
EndProject
Project("{2150E333-8FDC-42A3-9474-1A3956D46DE8}") = "Services", "Services", "{044B165E-E6FF-45D5-93F6-93C33597459F}"
EndProject
Project("{9A19103F-16F7-4668-BE54-9A1E7A4F7556}") = "FT.Travelako.Services.CouponAPI", "FT.Travelako.Services.CouponAPI\FT.Travelako.Services.CouponAPI.csproj", "{87586DB3-44EC-459D-998C-6F533522AA72}"
EndProject
Project("{9A19103F-16F7-4668-BE54-9A1E7A4F7556}") = "FT.Travelako.Services.Authentication", "FT.Travelako.Services.Authentication\FT.Travelako.Services.Authentication.csproj", "{86955B7C-D7E4-43FC-8605-7FE6D22B8E51}"
EndProject
Project("{2150E333-8FDC-42A3-9474-1A3956D46DE8}") = "Common", "Common", "{1DBD3495-34F6-44CE-952D-6995B60A33B2}"
EndProject
Project("{9A19103F-16F7-4668-BE54-9A1E7A4F7556}") = "FT.Travelako.Base", "FT.Travelako.Base\FT.Travelako.Base.csproj", "{BDED5AF0-4027-4169-8B68-0B10CA47DF90}"
EndProject
Project("{9A19103F-16F7-4668-BE54-9A1E7A4F7556}") = "Service.Core", "Service.Core\Service.Core.csproj", "{1E1E2C5D-B701-45D7-B5E9-84388CE0B99C}"
EndProject
Project("{9A19103F-16F7-4668-BE54-9A1E7A4F7556}") = "FT.Travelako.OcelotApiGw", "FT.Travelako.OcelotApiGw\FT.Travelako.OcelotApiGw.csproj", "{46110D11-356A-493F-9DFD-363CEDDB1DC1}"
EndProject
Project("{E53339B2-1760-4266-BCC7-CA923CBCF16C}") = "docker-compose", "docker-compose.dcproj", "{DC2E4686-3F6A-4FFE-8881-61DCFA10EEEC}"
EndProject
Project("{FAE04EC0-301F-11D3-BF4B-00C04F79EFBC}") = "FT.Travelako.Common", "FT.Travelako.Common\FT.Travelako.Common.csproj", "{D62EE7B0-EFE0-4A31-8197-66DAEC949923}"
EndProject
Project("{FAE04EC0-301F-11D3-BF4B-00C04F79EFBC}") = "FT.Travelako.Common.Logging", "FT.Travelako.Common.Logging\FT.Travelako.Common.Logging.csproj", "{D608328F-104D-4622-80FF-38EDEA363FD3}"
EndProject
Global
	GlobalSection(SolutionConfigurationPlatforms) = preSolution
		Debug|Any CPU = Debug|Any CPU
		Release|Any CPU = Release|Any CPU
	EndGlobalSection
	GlobalSection(ProjectConfigurationPlatforms) = postSolution
		{87586DB3-44EC-459D-998C-6F533522AA72}.Debug|Any CPU.ActiveCfg = Debug|Any CPU
		{87586DB3-44EC-459D-998C-6F533522AA72}.Debug|Any CPU.Build.0 = Debug|Any CPU
		{87586DB3-44EC-459D-998C-6F533522AA72}.Release|Any CPU.ActiveCfg = Release|Any CPU
		{87586DB3-44EC-459D-998C-6F533522AA72}.Release|Any CPU.Build.0 = Release|Any CPU
		{86955B7C-D7E4-43FC-8605-7FE6D22B8E51}.Debug|Any CPU.ActiveCfg = Debug|Any CPU
		{86955B7C-D7E4-43FC-8605-7FE6D22B8E51}.Debug|Any CPU.Build.0 = Debug|Any CPU
		{86955B7C-D7E4-43FC-8605-7FE6D22B8E51}.Release|Any CPU.ActiveCfg = Release|Any CPU
		{86955B7C-D7E4-43FC-8605-7FE6D22B8E51}.Release|Any CPU.Build.0 = Release|Any CPU
		{BDED5AF0-4027-4169-8B68-0B10CA47DF90}.Debug|Any CPU.ActiveCfg = Debug|Any CPU
		{BDED5AF0-4027-4169-8B68-0B10CA47DF90}.Debug|Any CPU.Build.0 = Debug|Any CPU
		{BDED5AF0-4027-4169-8B68-0B10CA47DF90}.Release|Any CPU.ActiveCfg = Release|Any CPU
		{BDED5AF0-4027-4169-8B68-0B10CA47DF90}.Release|Any CPU.Build.0 = Release|Any CPU
		{1E1E2C5D-B701-45D7-B5E9-84388CE0B99C}.Debug|Any CPU.ActiveCfg = Debug|Any CPU
		{1E1E2C5D-B701-45D7-B5E9-84388CE0B99C}.Debug|Any CPU.Build.0 = Debug|Any CPU
		{1E1E2C5D-B701-45D7-B5E9-84388CE0B99C}.Release|Any CPU.ActiveCfg = Release|Any CPU
		{1E1E2C5D-B701-45D7-B5E9-84388CE0B99C}.Release|Any CPU.Build.0 = Release|Any CPU
		{46110D11-356A-493F-9DFD-363CEDDB1DC1}.Debug|Any CPU.ActiveCfg = Debug|Any CPU
		{46110D11-356A-493F-9DFD-363CEDDB1DC1}.Debug|Any CPU.Build.0 = Debug|Any CPU
		{46110D11-356A-493F-9DFD-363CEDDB1DC1}.Release|Any CPU.ActiveCfg = Release|Any CPU
		{46110D11-356A-493F-9DFD-363CEDDB1DC1}.Release|Any CPU.Build.0 = Release|Any CPU
		{DC2E4686-3F6A-4FFE-8881-61DCFA10EEEC}.Debug|Any CPU.ActiveCfg = Debug|Any CPU
		{DC2E4686-3F6A-4FFE-8881-61DCFA10EEEC}.Debug|Any CPU.Build.0 = Debug|Any CPU
		{DC2E4686-3F6A-4FFE-8881-61DCFA10EEEC}.Release|Any CPU.ActiveCfg = Release|Any CPU
		{DC2E4686-3F6A-4FFE-8881-61DCFA10EEEC}.Release|Any CPU.Build.0 = Release|Any CPU
		{D62EE7B0-EFE0-4A31-8197-66DAEC949923}.Debug|Any CPU.ActiveCfg = Debug|Any CPU
		{D62EE7B0-EFE0-4A31-8197-66DAEC949923}.Debug|Any CPU.Build.0 = Debug|Any CPU
		{D62EE7B0-EFE0-4A31-8197-66DAEC949923}.Release|Any CPU.ActiveCfg = Release|Any CPU
		{D62EE7B0-EFE0-4A31-8197-66DAEC949923}.Release|Any CPU.Build.0 = Release|Any CPU
		{D608328F-104D-4622-80FF-38EDEA363FD3}.Debug|Any CPU.ActiveCfg = Debug|Any CPU
		{D608328F-104D-4622-80FF-38EDEA363FD3}.Debug|Any CPU.Build.0 = Debug|Any CPU
		{D608328F-104D-4622-80FF-38EDEA363FD3}.Release|Any CPU.ActiveCfg = Release|Any CPU
		{D608328F-104D-4622-80FF-38EDEA363FD3}.Release|Any CPU.Build.0 = Release|Any CPU
	EndGlobalSection
	GlobalSection(SolutionProperties) = preSolution
		HideSolutionNode = FALSE
	EndGlobalSection
	GlobalSection(NestedProjects) = preSolution
		{87586DB3-44EC-459D-998C-6F533522AA72} = {044B165E-E6FF-45D5-93F6-93C33597459F}
		{86955B7C-D7E4-43FC-8605-7FE6D22B8E51} = {044B165E-E6FF-45D5-93F6-93C33597459F}
		{BDED5AF0-4027-4169-8B68-0B10CA47DF90} = {1DBD3495-34F6-44CE-952D-6995B60A33B2}
		{1E1E2C5D-B701-45D7-B5E9-84388CE0B99C} = {1DBD3495-34F6-44CE-952D-6995B60A33B2}
		{46110D11-356A-493F-9DFD-363CEDDB1DC1} = {4CDD7B9D-1FFB-4FF7-A894-A0BB92CF88CF}
		{D62EE7B0-EFE0-4A31-8197-66DAEC949923} = {1DBD3495-34F6-44CE-952D-6995B60A33B2}
		{D608328F-104D-4622-80FF-38EDEA363FD3} = {1DBD3495-34F6-44CE-952D-6995B60A33B2}
	EndGlobalSection
	GlobalSection(ExtensibilityGlobals) = postSolution
		SolutionGuid = {2578AB90-BDCF-4237-A0C4-B9D5A45BF8EE}
	EndGlobalSection
EndGlobal
