
Microsoft Visual Studio Solution File, Format Version 12.00
# Visual Studio Version 17
VisualStudioVersion = 17.8.34316.72
MinimumVisualStudioVersion = 10.0.40219.1
Project("{2150E333-8FDC-42A3-9474-1A3956D46DE8}") = "API", "API", "{4CDD7B9D-1FFB-4FF7-A894-A0BB92CF88CF}"
EndProject
Project("{2150E333-8FDC-42A3-9474-1A3956D46DE8}") = "Services", "Services", "{044B165E-E6FF-45D5-93F6-93C33597459F}"
EndProject
Project("{FAE04EC0-301F-11D3-BF4B-00C04F79EFBC}") = "FT.Travelako.WebAPI", "FT.Travelako.WebAPI\FT.Travelako.WebAPI.csproj", "{AB6FB461-5F2F-4244-81FC-2603A6ACB3CF}"
EndProject
Project("{FAE04EC0-301F-11D3-BF4B-00C04F79EFBC}") = "FT.Travelako.Services.CouponAPI", "FT.Travelako.Services.CouponAPI\FT.Travelako.Services.CouponAPI.csproj", "{87586DB3-44EC-459D-998C-6F533522AA72}"
EndProject
Global
	GlobalSection(SolutionConfigurationPlatforms) = preSolution
		Debug|Any CPU = Debug|Any CPU
		Release|Any CPU = Release|Any CPU
	EndGlobalSection
	GlobalSection(ProjectConfigurationPlatforms) = postSolution
		{AB6FB461-5F2F-4244-81FC-2603A6ACB3CF}.Debug|Any CPU.ActiveCfg = Debug|Any CPU
		{AB6FB461-5F2F-4244-81FC-2603A6ACB3CF}.Debug|Any CPU.Build.0 = Debug|Any CPU
		{AB6FB461-5F2F-4244-81FC-2603A6ACB3CF}.Release|Any CPU.ActiveCfg = Release|Any CPU
		{AB6FB461-5F2F-4244-81FC-2603A6ACB3CF}.Release|Any CPU.Build.0 = Release|Any CPU
		{87586DB3-44EC-459D-998C-6F533522AA72}.Debug|Any CPU.ActiveCfg = Debug|Any CPU
		{87586DB3-44EC-459D-998C-6F533522AA72}.Debug|Any CPU.Build.0 = Debug|Any CPU
		{87586DB3-44EC-459D-998C-6F533522AA72}.Release|Any CPU.ActiveCfg = Release|Any CPU
		{87586DB3-44EC-459D-998C-6F533522AA72}.Release|Any CPU.Build.0 = Release|Any CPU
	EndGlobalSection
	GlobalSection(SolutionProperties) = preSolution
		HideSolutionNode = FALSE
	EndGlobalSection
	GlobalSection(NestedProjects) = preSolution
		{AB6FB461-5F2F-4244-81FC-2603A6ACB3CF} = {4CDD7B9D-1FFB-4FF7-A894-A0BB92CF88CF}
		{87586DB3-44EC-459D-998C-6F533522AA72} = {044B165E-E6FF-45D5-93F6-93C33597459F}
	EndGlobalSection
	GlobalSection(ExtensibilityGlobals) = postSolution
		SolutionGuid = {2578AB90-BDCF-4237-A0C4-B9D5A45BF8EE}
	EndGlobalSection
EndGlobal
